PODS:
  - Flutter (1.0.0)
  - flutter_local_notifications (0.0.1):
    - Flutter
  - flutter_tts (0.0.1):
    - Flutter

DEPENDENCIES:
  - Flutter (from `Flutter`)
  - flutter_local_notifications (from `.symlinks/plugins/flutter_local_notifications/ios`)
  - flutter_tts (from `.symlinks/plugins/flutter_tts/ios`)

EXTERNAL SOURCES:
  Flutter:
    :path: Flutter
  flutter_local_notifications:
    :path: ".symlinks/plugins/flutter_local_notifications/ios"
  flutter_tts:
    :path: ".symlinks/plugins/flutter_tts/ios"

SPEC CHECKSUMS:
  Flutter: e0871f40cf51350855a761d2e70bf5af5b9b5de7
  flutter_local_notifications: a5a732f069baa862e728d839dd2ebb904737effb
  flutter_tts: b88dbc8655d3dc961bc4a796e4e16a4cc1795833

PODFILE CHECKSUM: 073a9ede5ac7fa4b79034c585d9a7c5e35ffe567

COCOAPODS: 1.16.2
